
Microsoft Visual Studio Solution File, Format Version 12.00
# Visual Studio Version 16
VisualStudioVersion = 16.0.31515.178
MinimumVisualStudioVersion = 10.0.40219.1
Project("{FAE04EC0-301F-11D3-BF4B-00C04F79EFBC}") = "PublishingUtility", "PublishingUtility\PublishingUtility.csproj", "{FC23D313-3360-49DD-AADE-CAE09D527F42}"
EndProject
Project("{FAE04EC0-301F-11D3-BF4B-00C04F79EFBC}") = "PanelManager", "PanelManager\PanelManager.csproj", "{6ACFB7B1-86E1-4A78-9084-A99487D533BF}"
EndProject
Global
	GlobalSection(SolutionConfigurationPlatforms) = preSolution
		Debug|Any CPU = Debug|Any CPU
		Release|Any CPU = Release|Any CPU
	EndGlobalSection
	GlobalSection(ProjectConfigurationPlatforms) = postSolution
		{FC23D313-3360-49DD-AADE-CAE09D527F42}.Debug|Any CPU.ActiveCfg = Debug|Any CPU
		{FC23D313-3360-49DD-AADE-CAE09D527F42}.Debug|Any CPU.Build.0 = Debug|Any CPU
		{FC23D313-3360-49DD-AADE-CAE09D527F42}.Release|Any CPU.ActiveCfg = Release|Any CPU
		{FC23D313-3360-49DD-AADE-CAE09D527F42}.Release|Any CPU.Build.0 = Release|Any CPU
		{6ACFB7B1-86E1-4A78-9084-A99487D533BF}.Debug|Any CPU.ActiveCfg = Debug|Any CPU
		{6ACFB7B1-86E1-4A78-9084-A99487D533BF}.Debug|Any CPU.Build.0 = Debug|Any CPU
		{6ACFB7B1-86E1-4A78-9084-A99487D533BF}.Release|Any CPU.ActiveCfg = Release|Any CPU
		{6ACFB7B1-86E1-4A78-9084-A99487D533BF}.Release|Any CPU.Build.0 = Release|Any CPU
	EndGlobalSection
	GlobalSection(SolutionProperties) = preSolution
		HideSolutionNode = FALSE
	EndGlobalSection
	GlobalSection(ExtensibilityGlobals) = postSolution
		SolutionGuid = {04DCA08F-9FF9-4845-BDE9-221BA810634A}
	EndGlobalSection
EndGlobal
